
Microsoft Visual Studio Solution File, Format Version 12.00
# Visual Studio 2012
Project("{FAE04EC0-301F-11D3-BF4B-00C04F79EFBC}") = "Stack", "Stack\Stack.csproj", "{EBADD97A-CEC6-46F4-B7C4-F2530AB7238F}"
EndProject
Global
	GlobalSection(SolutionConfigurationPlatforms) = preSolution
		Debug|x86 = Debug|x86
		Release|x86 = Release|x86
	EndGlobalSection
	GlobalSection(ProjectConfigurationPlatforms) = postSolution
		{EBADD97A-CEC6-46F4-B7C4-F2530AB7238F}.Debug|x86.ActiveCfg = Debug|x86
		{EBADD97A-CEC6-46F4-B7C4-F2530AB7238F}.Debug|x86.Build.0 = Debug|x86
		{EBADD97A-CEC6-46F4-B7C4-F2530AB7238F}.Release|x86.ActiveCfg = Release|x86
		{EBADD97A-CEC6-46F4-B7C4-F2530AB7238F}.Release|x86.Build.0 = Release|x86
	EndGlobalSection
EndGlobal
