
Microsoft Visual Studio Solution File, Format Version 12.00
# Visual Studio 2012
Project("{FAE04EC0-301F-11D3-BF4B-00C04F79EFBC}") = "ListaEncadeadaSimples", "ListaEncadeadaSimples\ListaEncadeadaSimples.csproj", "{06795527-01DA-4700-9471-47F207991529}"
EndProject
Global
	GlobalSection(SolutionConfigurationPlatforms) = preSolution
		Debug|x86 = Debug|x86
		Release|x86 = Release|x86
	EndGlobalSection
	GlobalSection(ProjectConfigurationPlatforms) = postSolution
		{06795527-01DA-4700-9471-47F207991529}.Debug|x86.ActiveCfg = Debug|x86
		{06795527-01DA-4700-9471-47F207991529}.Debug|x86.Build.0 = Debug|x86
		{06795527-01DA-4700-9471-47F207991529}.Release|x86.ActiveCfg = Release|x86
		{06795527-01DA-4700-9471-47F207991529}.Release|x86.Build.0 = Release|x86
	EndGlobalSection
EndGlobal
